PODS:
  - JTMaterialTransition (2.0.2)

DEPENDENCIES:
  - JTMaterialTransition (from `..`)

EXTERNAL SOURCES:
  JTMaterialTransition:
    :path: ".."

SPEC CHECKSUMS:
  JTMaterialTransition: 391458f46a440e0c1e846f00f9f628ffb5dc8dc1

PODFILE CHECKSUM: 2b797cd89d81dbce9474ccbe0969742668593e34

COCOAPODS: 1.5.3
