PODS:
  - JTMaterialTransition (2.0.0)

DEPENDENCIES:
  - JTMaterialTransition (from `..`)

EXTERNAL SOURCES:
  JTMaterialTransition:
    :path: ..

SPEC CHECKSUMS:
  JTMaterialTransition: 41a202ad4b5b7e0bd609a0a8a3dbb0019d09d624

PODFILE CHECKSUM: 2b797cd89d81dbce9474ccbe0969742668593e34

COCOAPODS: 1.1.0.rc.2
